
Microsoft Visual Studio Solution File, Format Version 12.00
# Visual Studio Version 16
VisualStudioVersion = 16.0.31729.503
MinimumVisualStudioVersion = 10.0.40219.1
Project("{FAE04EC0-301F-11D3-BF4B-00C04F79EFBC}") = "LAB12_SEF1138122", "LAB12_SEF1138122\LAB12_SEF1138122.csproj", "{45989402-9221-46CA-9A4F-725D57205EFD}"
EndProject
Global
	GlobalSection(SolutionConfigurationPlatforms) = preSolution
		Debug|Any CPU = Debug|Any CPU
		Release|Any CPU = Release|Any CPU
	EndGlobalSection
	GlobalSection(ProjectConfigurationPlatforms) = postSolution
		{45989402-9221-46CA-9A4F-725D57205EFD}.Debug|Any CPU.ActiveCfg = Debug|Any CPU
		{45989402-9221-46CA-9A4F-725D57205EFD}.Debug|Any CPU.Build.0 = Debug|Any CPU
		{45989402-9221-46CA-9A4F-725D57205EFD}.Release|Any CPU.ActiveCfg = Release|Any CPU
		{45989402-9221-46CA-9A4F-725D57205EFD}.Release|Any CPU.Build.0 = Release|Any CPU
	EndGlobalSection
	GlobalSection(SolutionProperties) = preSolution
		HideSolutionNode = FALSE
	EndGlobalSection
	GlobalSection(ExtensibilityGlobals) = postSolution
		SolutionGuid = {FC2277C4-79D6-4D2C-B9F3-3DBDE9AB4B7C}
	EndGlobalSection
EndGlobal
