
Microsoft Visual Studio Solution File, Format Version 12.00
# Visual Studio Version 17
VisualStudioVersion = 17.3.32922.545
MinimumVisualStudioVersion = 10.0.40219.1
Project("{8BC9CEB8-8B4A-11D0-8D11-00A0C91BC942}") = "ClaseN2", "ClaseN2\ClaseN2.vcxproj", "{DCEDD376-3F5C-46B8-A419-A93148E673C7}"
EndProject
Global
	GlobalSection(SolutionConfigurationPlatforms) = preSolution
		Debug|x64 = Debug|x64
		Debug|x86 = Debug|x86
		Release|x64 = Release|x64
		Release|x86 = Release|x86
	EndGlobalSection
	GlobalSection(ProjectConfigurationPlatforms) = postSolution
		{DCEDD376-3F5C-46B8-A419-A93148E673C7}.Debug|x64.ActiveCfg = Debug|x64
		{DCEDD376-3F5C-46B8-A419-A93148E673C7}.Debug|x64.Build.0 = Debug|x64
		{DCEDD376-3F5C-46B8-A419-A93148E673C7}.Debug|x86.ActiveCfg = Debug|Win32
		{DCEDD376-3F5C-46B8-A419-A93148E673C7}.Debug|x86.Build.0 = Debug|Win32
		{DCEDD376-3F5C-46B8-A419-A93148E673C7}.Release|x64.ActiveCfg = Release|x64
		{DCEDD376-3F5C-46B8-A419-A93148E673C7}.Release|x64.Build.0 = Release|x64
		{DCEDD376-3F5C-46B8-A419-A93148E673C7}.Release|x86.ActiveCfg = Release|Win32
		{DCEDD376-3F5C-46B8-A419-A93148E673C7}.Release|x86.Build.0 = Release|Win32
	EndGlobalSection
	GlobalSection(SolutionProperties) = preSolution
		HideSolutionNode = FALSE
	EndGlobalSection
	GlobalSection(ExtensibilityGlobals) = postSolution
		SolutionGuid = {A7C7D0F7-1248-43D0-BFE4-9B19DF8D3B87}
	EndGlobalSection
EndGlobal
