
Microsoft Visual Studio Solution File, Format Version 12.00
# Visual Studio Version 17
VisualStudioVersion = 17.3.32819.101
MinimumVisualStudioVersion = 10.0.40219.1
Project("{FAE04EC0-301F-11D3-BF4B-00C04F79EFBC}") = "Proyecto2_Jaime", "Proyecto2_Jaime\Proyecto2_Jaime.csproj", "{F426F493-1422-499B-99EA-950B66425BC8}"
EndProject
Global
	GlobalSection(SolutionConfigurationPlatforms) = preSolution
		Debug|Any CPU = Debug|Any CPU
		Release|Any CPU = Release|Any CPU
	EndGlobalSection
	GlobalSection(ProjectConfigurationPlatforms) = postSolution
		{F426F493-1422-499B-99EA-950B66425BC8}.Debug|Any CPU.ActiveCfg = Debug|Any CPU
		{F426F493-1422-499B-99EA-950B66425BC8}.Debug|Any CPU.Build.0 = Debug|Any CPU
		{F426F493-1422-499B-99EA-950B66425BC8}.Release|Any CPU.ActiveCfg = Release|Any CPU
		{F426F493-1422-499B-99EA-950B66425BC8}.Release|Any CPU.Build.0 = Release|Any CPU
	EndGlobalSection
	GlobalSection(SolutionProperties) = preSolution
		HideSolutionNode = FALSE
	EndGlobalSection
	GlobalSection(ExtensibilityGlobals) = postSolution
		SolutionGuid = {87801081-371F-4C5E-A980-01498B5415AE}
	EndGlobalSection
EndGlobal
